<?xml version="1.0" encoding="UTF-8"?>
<Scheme
   LastUpgradeVersion = "1500"
   version = "1.7">
   <BuildAction
      parallelizeBuildables = "YES"
      buildImplicitDependencies = "YES">
      <BuildActionEntries>
         <BuildActionEntry
            buildForTesting = "YES"
            buildForRunning = "YES"
            buildForProfiling = "YES"
            buildForArchiving = "YES"
            buildForAnalyzing = "YES">
            <BuildableReference
               BuildableIdentifier = "primary"
               BlueprintIdentifier = "8E1AE9692B0508AC008FF3C8"
               BuildableName = "img2nes"
               BlueprintName = "img2nes"
               ReferencedContainer = "container:img2nes.xcodeproj">
            </BuildableReference>
         </BuildActionEntry>
      </BuildActionEntries>
   </BuildAction>
   <TestAction
      buildConfiguration = "Debug"
      selectedDebuggerIdentifier = "Xcode.DebuggerFoundation.Debugger.LLDB"
      selectedLauncherIdentifier = "Xcode.DebuggerFoundation.Launcher.LLDB"
      shouldUseLaunchSchemeArgsEnv = "YES"
      shouldAutocreateTestPlan = "YES">
   </TestAction>
   <LaunchAction
      buildConfiguration = "Debug"
      selectedDebuggerIdentifier = "Xcode.DebuggerFoundation.Debugger.LLDB"
      selectedLauncherIdentifier = "Xcode.DebuggerFoundation.Launcher.LLDB"
      launchStyle = "0"
      useCustomWorkingDirectory = "NO"
      ignoresPersistentStateOnLaunch = "NO"
      debugDocumentVersioning = "YES"
      debugServiceExtension = "internal"
      allowLocationSimulation = "YES"
      viewDebuggingEnabled = "No">
      <PostActions>
         <ExecutionAction
            ActionType = "Xcode.IDEStandardExecutionActionsCore.ExecutionActionType.ShellScriptAction">
            <ActionContent
               title = "Run Script"
               scriptText = "# Type a script or drag a script file from your workspace to insert its path.&#10;&#10;">
            </ActionContent>
         </ExecutionAction>
      </PostActions>
      <BuildableProductRunnable
         runnableDebuggingMode = "0">
         <BuildableReference
            BuildableIdentifier = "primary"
            BlueprintIdentifier = "8E1AE9692B0508AC008FF3C8"
            BuildableName = "img2nes"
            BlueprintName = "img2nes"
            ReferencedContainer = "container:img2nes.xcodeproj">
         </BuildableReference>
      </BuildableProductRunnable>
      <CommandLineArguments>
         <CommandLineArgument
            argument = "-i /Users/jonatan/Desktop/Test/tmp/card4.png"
            isEnabled = "NO">
         </CommandLineArgument>
         <CommandLineArgument
            argument = "-p"
            isEnabled = "NO">
         </CommandLineArgument>
         <CommandLineArgument
            argument = "-c"
            isEnabled = "YES">
         </CommandLineArgument>
         <CommandLineArgument
            argument = "-m 4"
            isEnabled = "YES">
         </CommandLineArgument>
         <CommandLineArgument
            argument = "-l /Users/jonatan/Downloads/nes/tst/frame01.pal"
            isEnabled = "NO">
         </CommandLineArgument>
         <CommandLineArgument
            argument = "-d"
            isEnabled = "YES">
         </CommandLineArgument>
         <CommandLineArgument
            argument = "-b"
            isEnabled = "NO">
         </CommandLineArgument>
         <CommandLineArgument
            argument = "-v 1"
            isEnabled = "NO">
         </CommandLineArgument>
         <CommandLineArgument
            argument = "-p 1"
            isEnabled = "NO">
         </CommandLineArgument>
         <CommandLineArgument
            argument = "-x"
            isEnabled = "NO">
         </CommandLineArgument>
         <CommandLineArgument
            argument = "-o /Users/jonatan/Desktop/NES"
            isEnabled = "NO">
         </CommandLineArgument>
         <CommandLineArgument
            argument = "/Users/jonatan/Desktop/Test/LMI/goomba.png"
            isEnabled = "NO">
         </CommandLineArgument>
         <CommandLineArgument
            argument = "/Users/jonatan/Desktop/Test/LMI/square32x32.png"
            isEnabled = "NO">
         </CommandLineArgument>
         <CommandLineArgument
            argument = "-i /Users/jonatan/Desktop/Test/tmp/arkiv/airline/inn1.png"
            isEnabled = "NO">
         </CommandLineArgument>
         <CommandLineArgument
            argument = "-i /Users/jonatan/Desktop/Test/tmp/arkiv/airline/card5.png"
            isEnabled = "NO">
         </CommandLineArgument>
         <CommandLineArgument
            argument = "-i /Users/jonatan/Desktop/Test/tmp/arkiv/airline/hostess1.png"
            isEnabled = "NO">
         </CommandLineArgument>
         <CommandLineArgument
            argument = "-i /Users/jonatan/Desktop/Test/tmp/arkiv/squares/144x80.jpg"
            isEnabled = "NO">
         </CommandLineArgument>
         <CommandLineArgument
            argument = "-i /Users/jonatan/Library/CloudStorage/Dropbox/Kode/NES/img/HL06.png"
            isEnabled = "YES">
         </CommandLineArgument>
         <CommandLineArgument
            argument = "-r 2"
            isEnabled = "NO">
         </CommandLineArgument>
      </CommandLineArguments>
   </LaunchAction>
   <ProfileAction
      buildConfiguration = "Release"
      shouldUseLaunchSchemeArgsEnv = "YES"
      savedToolIdentifier = ""
      useCustomWorkingDirectory = "NO"
      debugDocumentVersioning = "YES">
      <BuildableProductRunnable
         runnableDebuggingMode = "0">
         <BuildableReference
            BuildableIdentifier = "primary"
            BlueprintIdentifier = "8E1AE9692B0508AC008FF3C8"
            BuildableName = "img2nes"
            BlueprintName = "img2nes"
            ReferencedContainer = "container:img2nes.xcodeproj">
         </BuildableReference>
      </BuildableProductRunnable>
   </ProfileAction>
   <AnalyzeAction
      buildConfiguration = "Debug">
   </AnalyzeAction>
   <ArchiveAction
      buildConfiguration = "Release"
      revealArchiveInOrganizer = "YES">
   </ArchiveAction>
</Scheme>
